
Microsoft Visual Studio Solution File, Format Version 12.00
Project("{2150E333-8FDC-42A3-9474-1A3956D46DE8}") = "src", "src", "{9451EA69-F686-4F69-A141-A231E885969E}"
EndProject
Project("{2150E333-8FDC-42A3-9474-1A3956D46DE8}") = "Api", "Api", "{DBCEE7C5-F651-42BE-8FD7-684FCA32D278}"
EndProject
Project("{2150E333-8FDC-42A3-9474-1A3956D46DE8}") = "Core", "Core", "{A89DE4DA-99AC-4C52-87F2-5C57E2BAF9E2}"
EndProject
Project("{2150E333-8FDC-42A3-9474-1A3956D46DE8}") = "Infrastructure", "Infrastructure", "{B3BAE828-4115-4EEF-803F-F9F084AB0AEC}"
EndProject
Project("{2150E333-8FDC-42A3-9474-1A3956D46DE8}") = "WebApi", "WebApi", "{89BFF68F-9C4C-4D8B-8FBB-FFDB91FE59E9}"
EndProject
Project("{2150E333-8FDC-42A3-9474-1A3956D46DE8}") = "Clients", "Clients", "{067F4C83-20B3-4FE6-9C1E-FA56B55EF7DE}"
EndProject
Project("{2150E333-8FDC-42A3-9474-1A3956D46DE8}") = "BlazorWeb", "BlazorWeb", "{35293468-4256-4012-9DA5-853C903243E5}"
EndProject
Project("{2150E333-8FDC-42A3-9474-1A3956D46DE8}") = "Common", "Common", "{9788DB5A-FE37-409B-AEBD-36CBB2341FF1}"
EndProject
Project("{FAE04EC0-301F-11D3-BF4B-00C04F79EFBC}") = "EksiSozluk.Api.Application", "src\Api\Core\EksiSozluk.Api.Application\EksiSozluk.Api.Application.csproj", "{4013C9AE-16F1-4047-9F3A-E3674956C1C5}"
EndProject
Project("{FAE04EC0-301F-11D3-BF4B-00C04F79EFBC}") = "EksiSozluk.Api.Domain", "src\Api\Core\EksiSozluk.Api.Domain\EksiSozluk.Api.Domain.csproj", "{9D27B594-6B2F-481E-82D0-9A6A024544F2}"
EndProject
Project("{FAE04EC0-301F-11D3-BF4B-00C04F79EFBC}") = "EksiSozluk.Infrastructure.Persistence", "src\Api\Infrastructure\EksiSozluk.Infrastructure.Persistence\EksiSozluk.Infrastructure.Persistence.csproj", "{75DABBD5-BC1F-4F02-A0B8-BD5DB1A0A28F}"
EndProject
Project("{FAE04EC0-301F-11D3-BF4B-00C04F79EFBC}") = "EksiSozluk.Api.WebApi", "src\Api\WebApi\EksiSozluk.Api.WebApi\EksiSozluk.Api.WebApi.csproj", "{36BD6091-ABBA-4B51-96D6-CB8E32B09DEA}"
EndProject
Project("{FAE04EC0-301F-11D3-BF4B-00C04F79EFBC}") = "EksiSozluk.Common", "src\Common\EksiSozluk.Common\EksiSozluk.Common.csproj", "{3B13F7A1-7349-4D99-B76E-3E97AB779A7B}"
EndProject
Project("{2150E333-8FDC-42A3-9474-1A3956D46DE8}") = "Projections", "Projections", "{58820DB0-6DA0-478E-919F-B017B421A32C}"
EndProject
Project("{FAE04EC0-301F-11D3-BF4B-00C04F79EFBC}") = "EksiSozluk.Projections.FavoriteService", "src\Projections\EksiSozluk.Projections.FavoriteService\EksiSozluk.Projections.FavoriteService.csproj", "{08C3E560-20EB-4F68-87FC-1EC30BA50314}"
EndProject
Project("{FAE04EC0-301F-11D3-BF4B-00C04F79EFBC}") = "EksiSozluk.Projections.VoteService", "src\Projections\EksiSozluk.Projections.VoteService\EksiSozluk.Projections.VoteService.csproj", "{36B98980-CA4A-49B6-8D9F-84D7576C22A6}"
EndProject
Project("{FAE04EC0-301F-11D3-BF4B-00C04F79EFBC}") = "EksiSozluk.Projections.UserService", "src\Projections\EksiSozluk.Projections.UserService\EksiSozluk.Projections.UserService.csproj", "{C8FFC72F-C2A4-451D-8C03-44ABCD87FADB}"
EndProject
Project("{FAE04EC0-301F-11D3-BF4B-00C04F79EFBC}") = "EksiSozluk.WebApp", "src\Clients\BlazorWeb\EksiSozluk.WebApp\EksiSozluk.WebApp.csproj", "{125D8B57-5B47-4B34-B3FA-D18C36F4AB3E}"
EndProject
Global
	GlobalSection(SolutionConfigurationPlatforms) = preSolution
		Debug|Any CPU = Debug|Any CPU
		Release|Any CPU = Release|Any CPU
	EndGlobalSection
	GlobalSection(NestedProjects) = preSolution
		{DBCEE7C5-F651-42BE-8FD7-684FCA32D278} = {9451EA69-F686-4F69-A141-A231E885969E}
		{A89DE4DA-99AC-4C52-87F2-5C57E2BAF9E2} = {DBCEE7C5-F651-42BE-8FD7-684FCA32D278}
		{B3BAE828-4115-4EEF-803F-F9F084AB0AEC} = {DBCEE7C5-F651-42BE-8FD7-684FCA32D278}
		{89BFF68F-9C4C-4D8B-8FBB-FFDB91FE59E9} = {DBCEE7C5-F651-42BE-8FD7-684FCA32D278}
		{067F4C83-20B3-4FE6-9C1E-FA56B55EF7DE} = {9451EA69-F686-4F69-A141-A231E885969E}
		{35293468-4256-4012-9DA5-853C903243E5} = {067F4C83-20B3-4FE6-9C1E-FA56B55EF7DE}
		{9788DB5A-FE37-409B-AEBD-36CBB2341FF1} = {9451EA69-F686-4F69-A141-A231E885969E}
		{4013C9AE-16F1-4047-9F3A-E3674956C1C5} = {A89DE4DA-99AC-4C52-87F2-5C57E2BAF9E2}
		{9D27B594-6B2F-481E-82D0-9A6A024544F2} = {A89DE4DA-99AC-4C52-87F2-5C57E2BAF9E2}
		{75DABBD5-BC1F-4F02-A0B8-BD5DB1A0A28F} = {B3BAE828-4115-4EEF-803F-F9F084AB0AEC}
		{36BD6091-ABBA-4B51-96D6-CB8E32B09DEA} = {89BFF68F-9C4C-4D8B-8FBB-FFDB91FE59E9}
		{3B13F7A1-7349-4D99-B76E-3E97AB779A7B} = {9788DB5A-FE37-409B-AEBD-36CBB2341FF1}
		{58820DB0-6DA0-478E-919F-B017B421A32C} = {9451EA69-F686-4F69-A141-A231E885969E}
		{08C3E560-20EB-4F68-87FC-1EC30BA50314} = {58820DB0-6DA0-478E-919F-B017B421A32C}
		{36B98980-CA4A-49B6-8D9F-84D7576C22A6} = {58820DB0-6DA0-478E-919F-B017B421A32C}
		{C8FFC72F-C2A4-451D-8C03-44ABCD87FADB} = {58820DB0-6DA0-478E-919F-B017B421A32C}
		{125D8B57-5B47-4B34-B3FA-D18C36F4AB3E} = {35293468-4256-4012-9DA5-853C903243E5}
	EndGlobalSection
	GlobalSection(ProjectConfigurationPlatforms) = postSolution
		{4013C9AE-16F1-4047-9F3A-E3674956C1C5}.Debug|Any CPU.ActiveCfg = Debug|Any CPU
		{4013C9AE-16F1-4047-9F3A-E3674956C1C5}.Debug|Any CPU.Build.0 = Debug|Any CPU
		{4013C9AE-16F1-4047-9F3A-E3674956C1C5}.Release|Any CPU.ActiveCfg = Release|Any CPU
		{4013C9AE-16F1-4047-9F3A-E3674956C1C5}.Release|Any CPU.Build.0 = Release|Any CPU
		{9D27B594-6B2F-481E-82D0-9A6A024544F2}.Debug|Any CPU.ActiveCfg = Debug|Any CPU
		{9D27B594-6B2F-481E-82D0-9A6A024544F2}.Debug|Any CPU.Build.0 = Debug|Any CPU
		{9D27B594-6B2F-481E-82D0-9A6A024544F2}.Release|Any CPU.ActiveCfg = Release|Any CPU
		{9D27B594-6B2F-481E-82D0-9A6A024544F2}.Release|Any CPU.Build.0 = Release|Any CPU
		{75DABBD5-BC1F-4F02-A0B8-BD5DB1A0A28F}.Debug|Any CPU.ActiveCfg = Debug|Any CPU
		{75DABBD5-BC1F-4F02-A0B8-BD5DB1A0A28F}.Debug|Any CPU.Build.0 = Debug|Any CPU
		{75DABBD5-BC1F-4F02-A0B8-BD5DB1A0A28F}.Release|Any CPU.ActiveCfg = Release|Any CPU
		{75DABBD5-BC1F-4F02-A0B8-BD5DB1A0A28F}.Release|Any CPU.Build.0 = Release|Any CPU
		{36BD6091-ABBA-4B51-96D6-CB8E32B09DEA}.Debug|Any CPU.ActiveCfg = Debug|Any CPU
		{36BD6091-ABBA-4B51-96D6-CB8E32B09DEA}.Debug|Any CPU.Build.0 = Debug|Any CPU
		{36BD6091-ABBA-4B51-96D6-CB8E32B09DEA}.Release|Any CPU.ActiveCfg = Release|Any CPU
		{36BD6091-ABBA-4B51-96D6-CB8E32B09DEA}.Release|Any CPU.Build.0 = Release|Any CPU
		{3B13F7A1-7349-4D99-B76E-3E97AB779A7B}.Debug|Any CPU.ActiveCfg = Debug|Any CPU
		{3B13F7A1-7349-4D99-B76E-3E97AB779A7B}.Debug|Any CPU.Build.0 = Debug|Any CPU
		{3B13F7A1-7349-4D99-B76E-3E97AB779A7B}.Release|Any CPU.ActiveCfg = Release|Any CPU
		{3B13F7A1-7349-4D99-B76E-3E97AB779A7B}.Release|Any CPU.Build.0 = Release|Any CPU
		{08C3E560-20EB-4F68-87FC-1EC30BA50314}.Debug|Any CPU.ActiveCfg = Debug|Any CPU
		{08C3E560-20EB-4F68-87FC-1EC30BA50314}.Debug|Any CPU.Build.0 = Debug|Any CPU
		{08C3E560-20EB-4F68-87FC-1EC30BA50314}.Release|Any CPU.ActiveCfg = Release|Any CPU
		{08C3E560-20EB-4F68-87FC-1EC30BA50314}.Release|Any CPU.Build.0 = Release|Any CPU
		{36B98980-CA4A-49B6-8D9F-84D7576C22A6}.Debug|Any CPU.ActiveCfg = Debug|Any CPU
		{36B98980-CA4A-49B6-8D9F-84D7576C22A6}.Debug|Any CPU.Build.0 = Debug|Any CPU
		{36B98980-CA4A-49B6-8D9F-84D7576C22A6}.Release|Any CPU.ActiveCfg = Release|Any CPU
		{36B98980-CA4A-49B6-8D9F-84D7576C22A6}.Release|Any CPU.Build.0 = Release|Any CPU
		{C8FFC72F-C2A4-451D-8C03-44ABCD87FADB}.Debug|Any CPU.ActiveCfg = Debug|Any CPU
		{C8FFC72F-C2A4-451D-8C03-44ABCD87FADB}.Debug|Any CPU.Build.0 = Debug|Any CPU
		{C8FFC72F-C2A4-451D-8C03-44ABCD87FADB}.Release|Any CPU.ActiveCfg = Release|Any CPU
		{C8FFC72F-C2A4-451D-8C03-44ABCD87FADB}.Release|Any CPU.Build.0 = Release|Any CPU
		{125D8B57-5B47-4B34-B3FA-D18C36F4AB3E}.Debug|Any CPU.ActiveCfg = Debug|Any CPU
		{125D8B57-5B47-4B34-B3FA-D18C36F4AB3E}.Debug|Any CPU.Build.0 = Debug|Any CPU
		{125D8B57-5B47-4B34-B3FA-D18C36F4AB3E}.Release|Any CPU.ActiveCfg = Release|Any CPU
		{125D8B57-5B47-4B34-B3FA-D18C36F4AB3E}.Release|Any CPU.Build.0 = Release|Any CPU
	EndGlobalSection
EndGlobal
